
Microsoft Visual Studio Solution File, Format Version 12.00
# Visual Studio Version 17
VisualStudioVersion = 17.14.36414.22
MinimumVisualStudioVersion = 10.0.40219.1
Project("{FAE04EC0-301F-11D3-BF4B-00C04F79EFBC}") = "MartianRobots", "MartianRobots\MartianRobots.csproj", "{A977D44B-801F-4A28-8902-C56504D8755E}"
EndProject
Project("{FAE04EC0-301F-11D3-BF4B-00C04F79EFBC}") = "MartianRobots.Tests", "MartianRobots.Tests\MartianRobots.Tests.csproj", "{C855279F-3B6B-4949-B47D-189BF0CC5F12}"
EndProject
Global
	GlobalSection(SolutionConfigurationPlatforms) = preSolution
		Debug|Any CPU = Debug|Any CPU
		Release|Any CPU = Release|Any CPU
	EndGlobalSection
	GlobalSection(ProjectConfigurationPlatforms) = postSolution
		{A977D44B-801F-4A28-8902-C56504D8755E}.Debug|Any CPU.ActiveCfg = Debug|Any CPU
		{A977D44B-801F-4A28-8902-C56504D8755E}.Debug|Any CPU.Build.0 = Debug|Any CPU
		{A977D44B-801F-4A28-8902-C56504D8755E}.Release|Any CPU.ActiveCfg = Release|Any CPU
		{A977D44B-801F-4A28-8902-C56504D8755E}.Release|Any CPU.Build.0 = Release|Any CPU
		{C855279F-3B6B-4949-B47D-189BF0CC5F12}.Debug|Any CPU.ActiveCfg = Debug|Any CPU
		{C855279F-3B6B-4949-B47D-189BF0CC5F12}.Debug|Any CPU.Build.0 = Debug|Any CPU
		{C855279F-3B6B-4949-B47D-189BF0CC5F12}.Release|Any CPU.ActiveCfg = Release|Any CPU
		{C855279F-3B6B-4949-B47D-189BF0CC5F12}.Release|Any CPU.Build.0 = Release|Any CPU
	EndGlobalSection
	GlobalSection(SolutionProperties) = preSolution
		HideSolutionNode = FALSE
	EndGlobalSection
	GlobalSection(ExtensibilityGlobals) = postSolution
		SolutionGuid = {A5685D9A-C20C-489B-83AB-A95EFD077FA1}
	EndGlobalSection
EndGlobal
